{
  "lockfileVersion": 1,
  "configVersion": 0,
  "workspaces": {
    "": {
      "name": "solid-hop",
      "dependencies": {
        "@photonjs/cloudflare": "^0.1.13",
        "@photonjs/hono": "^0.1.12",
        "hono": "^4.11.1",
        "solid-js": "1.9.10",
        "vike": "^0.4.249",
        "vike-metadata-solid": "^1.0.4",
        "vike-photon": "^0.1.24",
        "vike-solid": "^0.7.14",
        "wrangler": "^4.56.0",
      },
      "devDependencies": {
        "@biomejs/biome": "^2.3.10",
        "@blankeos/vike-routegen": "^0.0.3",
        "@types/bun": "^1.3.5",
        "typescript": "^5.9.3",
        "vite": "^7.3.0",
        "vite-tsconfig-paths": "^6.0.3",
      },
      "optionalDependencies": {
        "@rolldown/binding-linux-x64-gnu": "^1.0.0-beta.55",
        "@rollup/rollup-linux-x64-gnu": "^4.54.0",
      },
    },
  },
  "packages": {
    "@ampproject/remapping": ["@ampproject/remapping@2.3.0", "", { "dependencies": { "@jridgewell/gen-mapping": "^0.3.5", "@jridgewell/trace-mapping": "^0.3.24" } }, ""],

    "@babel/code-frame": ["@babel/code-frame@7.27.1", "", { "dependencies": { "@babel/helper-validator-identifier": "^7.27.1", "js-tokens": "^4.0.0", "picocolors": "^1.1.1" } }, "sha512-cjQ7ZlQ0Mv3b47hABuTevyTuYN4i+loJKGeV9flcCgIK37cCXRh+L1bd3iBHlynerhQ7BhCkn2BPbQUL+rGqFg=="],

    "@babel/compat-data": ["@babel/compat-data@7.26.3", "", {}, ""],

    "@babel/core": ["@babel/core@7.26.0", "", { "dependencies": { "@ampproject/remapping": "^2.2.0", "@babel/code-frame": "^7.26.0", "@babel/generator": "^7.26.0", "@babel/helper-compilation-targets": "^7.25.9", "@babel/helper-module-transforms": "^7.26.0", "@babel/helpers": "^7.26.0", "@babel/parser": "^7.26.0", "@babel/template": "^7.25.9", "@babel/traverse": "^7.25.9", "@babel/types": "^7.26.0", "convert-source-map": "^2.0.0", "debug": "^4.1.0", "gensync": "^1.0.0-beta.2", "json5": "^2.2.3", "semver": "^6.3.1" } }, ""],

    "@babel/generator": ["@babel/generator@7.28.5", "", { "dependencies": { "@babel/parser": "^7.28.5", "@babel/types": "^7.28.5", "@jridgewell/gen-mapping": "^0.3.12", "@jridgewell/trace-mapping": "^0.3.28", "jsesc": "^3.0.2" } }, "sha512-3EwLFhZ38J4VyIP6WNtt2kUdW9dokXA9Cr4IVIFHuCpZ3H8/YFOl5JjZHisrn1fATPBmKKqXzDFvh9fUwHz6CQ=="],

    "@babel/helper-compilation-targets": ["@babel/helper-compilation-targets@7.25.9", "", { "dependencies": { "@babel/compat-data": "^7.25.9", "@babel/helper-validator-option": "^7.25.9", "browserslist": "^4.24.0", "lru-cache": "^5.1.1", "semver": "^6.3.1" } }, ""],

    "@babel/helper-globals": ["@babel/helper-globals@7.28.0", "", {}, "sha512-+W6cISkXFa1jXsDEdYA8HeevQT/FULhxzR99pxphltZcVaugps53THCeiWA8SguxxpSp3gKPiuYfSWopkLQ4hw=="],

    "@babel/helper-module-imports": ["@babel/helper-module-imports@7.27.1", "", { "dependencies": { "@babel/traverse": "^7.27.1", "@babel/types": "^7.27.1" } }, "sha512-0gSFWUPNXNopqtIPQvlD5WgXYI5GY2kP2cCvoT8kczjbfcfuIljTbcWrulD1CIPIX2gt1wghbDy08yE1p+/r3w=="],

    "@babel/helper-module-transforms": ["@babel/helper-module-transforms@7.26.0", "", { "dependencies": { "@babel/helper-module-imports": "^7.25.9", "@babel/helper-validator-identifier": "^7.25.9", "@babel/traverse": "^7.25.9" }, "peerDependencies": { "@babel/core": "^7.0.0" } }, ""],

    "@babel/helper-plugin-utils": ["@babel/helper-plugin-utils@7.25.9", "", {}, ""],

    "@babel/helper-string-parser": ["@babel/helper-string-parser@7.27.1", "", {}, "sha512-qMlSxKbpRlAridDExk92nSobyDdpPijUq2DW6oDnUqd0iOGxmQjyqhMIihI9+zv4LPyZdRje2cavWPbCbWm3eA=="],

    "@babel/helper-validator-identifier": ["@babel/helper-validator-identifier@7.28.5", "", {}, "sha512-qSs4ifwzKJSV39ucNjsvc6WVHs6b7S03sOh2OcHF9UHfVPqWWALUsNUVzhSBiItjRZoLHx7nIarVjqKVusUZ1Q=="],

    "@babel/helper-validator-option": ["@babel/helper-validator-option@7.25.9", "", {}, ""],

    "@babel/helpers": ["@babel/helpers@7.26.0", "", { "dependencies": { "@babel/template": "^7.25.9", "@babel/types": "^7.26.0" } }, ""],

    "@babel/parser": ["@babel/parser@7.28.5", "", { "dependencies": { "@babel/types": "^7.28.5" }, "bin": { "parser": "bin/babel-parser.js" } }, "sha512-KKBU1VGYR7ORr3At5HAtUQ+TV3SzRCXmA/8OdDZiLDBIZxVyzXuztPjfLd3BV1PRAQGCMWWSHYhL0F8d5uHBDQ=="],

    "@babel/plugin-syntax-jsx": ["@babel/plugin-syntax-jsx@7.25.9", "", { "dependencies": { "@babel/helper-plugin-utils": "^7.25.9" }, "peerDependencies": { "@babel/core": "^7.0.0-0" } }, ""],

    "@babel/template": ["@babel/template@7.27.2", "", { "dependencies": { "@babel/code-frame": "^7.27.1", "@babel/parser": "^7.27.2", "@babel/types": "^7.27.1" } }, "sha512-LPDZ85aEJyYSd18/DkjNh4/y1ntkE5KwUHWTiqgRxruuZL2F1yuHligVHLvcHY2vMHXttKFpJn6LwfI7cw7ODw=="],

    "@babel/traverse": ["@babel/traverse@7.28.5", "", { "dependencies": { "@babel/code-frame": "^7.27.1", "@babel/generator": "^7.28.5", "@babel/helper-globals": "^7.28.0", "@babel/parser": "^7.28.5", "@babel/template": "^7.27.2", "@babel/types": "^7.28.5", "debug": "^4.3.1" } }, "sha512-TCCj4t55U90khlYkVV/0TfkJkAkUg3jZFA3Neb7unZT8CPok7iiRfaX0F+WnqWqt7OxhOn0uBKXCw4lbL8W0aQ=="],

    "@babel/types": ["@babel/types@7.28.5", "", { "dependencies": { "@babel/helper-string-parser": "^7.27.1", "@babel/helper-validator-identifier": "^7.28.5" } }, "sha512-qQ5m48eI/MFLQ5PxQj4PFaprjyCTLI37ElWMmNs0K8Lk3dVeOdNpB3ks8jc7yM5CDmVC73eMVk/trk3fgmrUpA=="],

    "@biomejs/biome": ["@biomejs/biome@2.3.10", "", { "optionalDependencies": { "@biomejs/cli-darwin-arm64": "2.3.10" }, "bin": { "biome": "bin/biome" } }, ""],

    "@biomejs/cli-darwin-arm64": ["@biomejs/cli-darwin-arm64@2.3.10", "", { "os": "darwin", "cpu": "arm64" }, ""],

    "@blankeos/vike-routegen": ["@blankeos/vike-routegen@0.0.3", "", {}, ""],

    "@brillout/import": ["@brillout/import@0.2.6", "", {}, ""],

    "@brillout/json-serializer": ["@brillout/json-serializer@0.5.21", "", {}, ""],

    "@brillout/picocolors": ["@brillout/picocolors@1.0.30", "", {}, "sha512-xJjdgyN1H0qh2nB2xlzazIipiDixuUd9oD5msh/Qv5bXJG9j8MSD/m4lREt6Z10ej6FF31b8vB4tdT7lDUbiyA=="],

    "@brillout/require-shim": ["@brillout/require-shim@0.1.2", "", {}, ""],

    "@brillout/vite-plugin-server-entry": ["@brillout/vite-plugin-server-entry@0.7.15", "", { "dependencies": { "@brillout/import": "^0.2.6", "@brillout/picocolors": "^1.0.26" } }, ""],

    "@cloudflare/kv-asset-handler": ["@cloudflare/kv-asset-handler@0.4.1", "", { "dependencies": { "mime": "^3.0.0" } }, ""],

    "@cloudflare/unenv-preset": ["@cloudflare/unenv-preset@2.7.13", "", { "peerDependencies": { "unenv": "2.0.0-rc.24", "workerd": "^1.20251202.0" } }, ""],

    "@cloudflare/vite-plugin": ["@cloudflare/vite-plugin@1.19.0", "", { "dependencies": { "@cloudflare/unenv-preset": "2.7.13", "@remix-run/node-fetch-server": "^0.8.0", "defu": "^6.1.4", "get-port": "^7.1.0", "miniflare": "4.20251217.0", "picocolors": "^1.1.1", "tinyglobby": "^0.2.12", "unenv": "2.0.0-rc.24", "wrangler": "4.56.0", "ws": "8.18.0" }, "peerDependencies": { "vite": "^6.1.0 || ^7.0.0", "wrangler": "^4.56.0" } }, ""],

    "@cloudflare/workerd-darwin-arm64": ["@cloudflare/workerd-darwin-arm64@1.20251217.0", "", { "os": "darwin", "cpu": "arm64" }, ""],

    "@cspotcode/source-map-support": ["@cspotcode/source-map-support@0.8.1", "", { "dependencies": { "@jridgewell/trace-mapping": "0.3.9" } }, ""],

    "@emnapi/runtime": ["@emnapi/runtime@1.7.1", "", { "dependencies": { "tslib": "^2.4.0" } }, "sha512-PVtJr5CmLwYAU9PZDMITZoR5iAOShYREoR45EyyLrbntV50mdePTgUn4AmOw90Ifcj+x2kRjdzr1HP3RrNiHGA=="],

    "@esbuild/darwin-arm64": ["@esbuild/darwin-arm64@0.27.0", "", { "os": "darwin", "cpu": "arm64" }, ""],

    "@img/sharp-darwin-arm64": ["@img/sharp-darwin-arm64@0.33.5", "", { "optionalDependencies": { "@img/sharp-libvips-darwin-arm64": "1.0.4" }, "os": "darwin", "cpu": "arm64" }, ""],

    "@img/sharp-darwin-x64": ["@img/sharp-darwin-x64@0.33.5", "", { "optionalDependencies": { "@img/sharp-libvips-darwin-x64": "1.0.4" }, "os": "darwin", "cpu": "x64" }, "sha512-fyHac4jIc1ANYGRDxtiqelIbdWkIuQaI84Mv45KvGRRxSAa7o7d1ZKAOBaYbnepLC1WqxfpimdeWfvqqSGwR2Q=="],

    "@img/sharp-libvips-darwin-arm64": ["@img/sharp-libvips-darwin-arm64@1.0.4", "", { "os": "darwin", "cpu": "arm64" }, ""],

    "@img/sharp-libvips-darwin-x64": ["@img/sharp-libvips-darwin-x64@1.0.4", "", { "os": "darwin", "cpu": "x64" }, "sha512-xnGR8YuZYfJGmWPvmlunFaWJsb9T/AO2ykoP3Fz/0X5XV2aoYBPkX6xqCQvUTKKiLddarLaxpzNe+b1hjeWHAQ=="],

    "@img/sharp-libvips-linux-arm": ["@img/sharp-libvips-linux-arm@1.0.5", "", { "os": "linux", "cpu": "arm" }, "sha512-gvcC4ACAOPRNATg/ov8/MnbxFDJqf/pDePbBnuBDcjsI8PssmjoKMAz4LtLaVi+OnSb5FK/yIOamqDwGmXW32g=="],

    "@img/sharp-libvips-linux-arm64": ["@img/sharp-libvips-linux-arm64@1.0.4", "", { "os": "linux", "cpu": "arm64" }, "sha512-9B+taZ8DlyyqzZQnoeIvDVR/2F4EbMepXMc/NdVbkzsJbzkUjhXv/70GQJ7tdLA4YJgNP25zukcxpX2/SueNrA=="],

    "@img/sharp-libvips-linux-s390x": ["@img/sharp-libvips-linux-s390x@1.0.4", "", { "os": "linux", "cpu": "s390x" }, "sha512-u7Wz6ntiSSgGSGcjZ55im6uvTrOxSIS8/dgoVMoiGE9I6JAfU50yH5BoDlYA1tcuGS7g/QNtetJnxA6QEsCVTA=="],

    "@img/sharp-libvips-linux-x64": ["@img/sharp-libvips-linux-x64@1.0.4", "", { "os": "linux", "cpu": "x64" }, "sha512-MmWmQ3iPFZr0Iev+BAgVMb3ZyC4KeFc3jFxnNbEPas60e1cIfevbtuyf9nDGIzOaW9PdnDciJm+wFFaTlj5xYw=="],

    "@img/sharp-libvips-linuxmusl-arm64": ["@img/sharp-libvips-linuxmusl-arm64@1.0.4", "", { "os": "linux", "cpu": "arm64" }, "sha512-9Ti+BbTYDcsbp4wfYib8Ctm1ilkugkA/uscUn6UXK1ldpC1JjiXbLfFZtRlBhjPZ5o1NCLiDbg8fhUPKStHoTA=="],

    "@img/sharp-libvips-linuxmusl-x64": ["@img/sharp-libvips-linuxmusl-x64@1.0.4", "", { "os": "linux", "cpu": "x64" }, "sha512-viYN1KX9m+/hGkJtvYYp+CCLgnJXwiQB39damAO7WMdKWlIhmYTfHjwSbQeUK/20vY154mwezd9HflVFM1wVSw=="],

    "@img/sharp-linux-arm": ["@img/sharp-linux-arm@0.33.5", "", { "optionalDependencies": { "@img/sharp-libvips-linux-arm": "1.0.5" }, "os": "linux", "cpu": "arm" }, "sha512-JTS1eldqZbJxjvKaAkxhZmBqPRGmxgu+qFKSInv8moZ2AmT5Yib3EQ1c6gp493HvrvV8QgdOXdyaIBrhvFhBMQ=="],

    "@img/sharp-linux-arm64": ["@img/sharp-linux-arm64@0.33.5", "", { "optionalDependencies": { "@img/sharp-libvips-linux-arm64": "1.0.4" }, "os": "linux", "cpu": "arm64" }, "sha512-JMVv+AMRyGOHtO1RFBiJy/MBsgz0x4AWrT6QoEVVTyh1E39TrCUpTRI7mx9VksGX4awWASxqCYLCV4wBZHAYxA=="],

    "@img/sharp-linux-s390x": ["@img/sharp-linux-s390x@0.33.5", "", { "optionalDependencies": { "@img/sharp-libvips-linux-s390x": "1.0.4" }, "os": "linux", "cpu": "s390x" }, "sha512-y/5PCd+mP4CA/sPDKl2961b+C9d+vPAveS33s6Z3zfASk2j5upL6fXVPZi7ztePZ5CuH+1kW8JtvxgbuXHRa4Q=="],

    "@img/sharp-linux-x64": ["@img/sharp-linux-x64@0.33.5", "", { "optionalDependencies": { "@img/sharp-libvips-linux-x64": "1.0.4" }, "os": "linux", "cpu": "x64" }, "sha512-opC+Ok5pRNAzuvq1AG0ar+1owsu842/Ab+4qvU879ippJBHvyY5n2mxF1izXqkPYlGuP/M556uh53jRLJmzTWA=="],

    "@img/sharp-linuxmusl-arm64": ["@img/sharp-linuxmusl-arm64@0.33.5", "", { "optionalDependencies": { "@img/sharp-libvips-linuxmusl-arm64": "1.0.4" }, "os": "linux", "cpu": "arm64" }, "sha512-XrHMZwGQGvJg2V/oRSUfSAfjfPxO+4DkiRh6p2AFjLQztWUuY/o8Mq0eMQVIY7HJ1CDQUJlxGGZRw1a5bqmd1g=="],

    "@img/sharp-linuxmusl-x64": ["@img/sharp-linuxmusl-x64@0.33.5", "", { "optionalDependencies": { "@img/sharp-libvips-linuxmusl-x64": "1.0.4" }, "os": "linux", "cpu": "x64" }, "sha512-WT+d/cgqKkkKySYmqoZ8y3pxx7lx9vVejxW/W4DOFMYVSkErR+w7mf2u8m/y4+xHe7yY9DAXQMWQhpnMuFfScw=="],

    "@img/sharp-wasm32": ["@img/sharp-wasm32@0.33.5", "", { "dependencies": { "@emnapi/runtime": "^1.2.0" }, "cpu": "none" }, "sha512-ykUW4LVGaMcU9lu9thv85CbRMAwfeadCJHRsg2GmeRa/cJxsVY9Rbd57JcMxBkKHag5U/x7TSBpScF4U8ElVzg=="],

    "@img/sharp-win32-ia32": ["@img/sharp-win32-ia32@0.33.5", "", { "os": "win32", "cpu": "ia32" }, "sha512-T36PblLaTwuVJ/zw/LaH0PdZkRz5rd3SmMHX8GSmR7vtNSP5Z6bQkExdSK7xGWyxLw4sUknBuugTelgw2faBbQ=="],

    "@img/sharp-win32-x64": ["@img/sharp-win32-x64@0.33.5", "", { "os": "win32", "cpu": "x64" }, "sha512-MpY/o8/8kj+EcnxwvrP4aTJSWw/aZ7JIGR4aBeZkZw5B7/Jn+tY9/VNwtcoGmdT7GfggGIU4kygOMSbYnOrAbg=="],

    "@isaacs/cliui": ["@isaacs/cliui@8.0.2", "", { "dependencies": { "string-width": "^5.1.2", "string-width-cjs": "npm:string-width@^4.2.0", "strip-ansi": "^7.0.1", "strip-ansi-cjs": "npm:strip-ansi@^6.0.1", "wrap-ansi": "^8.1.0", "wrap-ansi-cjs": "npm:wrap-ansi@^7.0.0" } }, ""],

    "@isaacs/fs-minipass": ["@isaacs/fs-minipass@4.0.1", "", { "dependencies": { "minipass": "^7.0.4" } }, ""],

    "@jridgewell/gen-mapping": ["@jridgewell/gen-mapping@0.3.13", "", { "dependencies": { "@jridgewell/sourcemap-codec": "^1.5.0", "@jridgewell/trace-mapping": "^0.3.24" } }, "sha512-2kkt/7niJ6MgEPxF0bYdQ6etZaA+fQvDcLKckhy1yIQOzaoKjBBjSj63/aLVjYE3qhRt5dvM+uUyfCg6UKCBbA=="],

    "@jridgewell/resolve-uri": ["@jridgewell/resolve-uri@3.1.2", "", {}, ""],

    "@jridgewell/sourcemap-codec": ["@jridgewell/sourcemap-codec@1.5.5", "", {}, ""],

    "@jridgewell/trace-mapping": ["@jridgewell/trace-mapping@0.3.9", "", { "dependencies": { "@jridgewell/resolve-uri": "^3.0.3", "@jridgewell/sourcemap-codec": "^1.4.10" } }, ""],

    "@mapbox/node-pre-gyp": ["@mapbox/node-pre-gyp@2.0.0", "", { "dependencies": { "consola": "^3.2.3", "detect-libc": "^2.0.0", "https-proxy-agent": "^7.0.5", "node-fetch": "^2.6.7", "nopt": "^8.0.0", "semver": "^7.5.3", "tar": "^7.4.0" }, "bin": { "node-pre-gyp": "bin/node-pre-gyp" } }, ""],

    "@oxc-project/types": ["@oxc-project/types@0.98.0", "", {}, ""],

    "@photonjs/cloudflare": ["@photonjs/cloudflare@0.1.13", "", { "dependencies": { "@cloudflare/vite-plugin": "^1.19.0", "@photonjs/core": "^0.1.20", "@universal-middleware/cloudflare": "^0.4.10" } }, ""],

    "@photonjs/core": ["@photonjs/core@0.1.20", "", { "dependencies": { "@brillout/vite-plugin-server-entry": "^0.7.15", "@universal-middleware/cloudflare": "^0.4.10", "@universal-middleware/compress": "^0.2.34", "@universal-middleware/core": "^0.4.14", "@universal-middleware/express": "^0.4.22", "@universal-middleware/sirv": "^0.1.24", "estree-walker": "^3.0.3", "ts-deepmerge": "^7.0.3", "zod": "^4.2.1" }, "peerDependencies": { "vite": ">=7.1" } }, ""],

    "@photonjs/hono": ["@photonjs/hono@0.1.12", "", { "dependencies": { "@photonjs/core": "^0.1.20", "@universal-middleware/hono": "^0.4.18" }, "peerDependencies": { "@hono/node-server": "^1", "vite": ">=7.1" }, "optionalPeers": ["@hono/node-server", "vite"] }, "sha512-S/fiW3H5ivgayfLbr2cXQQdXZ82olMwLPBbKF4I/6nNH29s2+/nvsH4kswjVg8+ZVJ/WDibO1tCensbknEvM3w=="],

    "@photonjs/runtime": ["@photonjs/runtime@0.1.16", "", { "dependencies": { "@photonjs/core": "^0.1.20", "@photonjs/srvx": "^0.1.12", "@universal-middleware/core": "^0.4.14", "@universal-middleware/sirv": "^0.1.24", "srvx": "^0.9.8", "standaloner": "^0.1.11" }, "peerDependencies": { "vite": ">=7.1" }, "optionalPeers": ["vite"] }, "sha512-04ejZcSfQ3f16cpv22tJyJbqGMepuhpg2NBVoxK8YOiJltkBK1fF5lY/EORTF8ZTxYd1M2HGvn0ZfCAlTfZmng=="],

    "@photonjs/srvx": ["@photonjs/srvx@0.1.12", "", { "dependencies": { "@photonjs/core": "^0.1.20", "@universal-middleware/srvx": "^0.1.1" }, "peerDependencies": { "vite": ">=7.1" }, "optionalPeers": ["vite"] }, "sha512-UT/ukFPdmLsEm6Z5kKIl2DXhayxP0braPBcKRZ4bE1l2sFpN67/54JlZXyFgS/Qdmuo3Hpn94sDIX9uoEBVlGQ=="],

    "@pkgjs/parseargs": ["@pkgjs/parseargs@0.11.0", "", {}, ""],

    "@polka/url": ["@polka/url@1.0.0-next.28", "", {}, ""],

    "@poppinss/colors": ["@poppinss/colors@4.1.6", "", { "dependencies": { "kleur": "^4.1.5" } }, ""],

    "@poppinss/dumper": ["@poppinss/dumper@0.6.5", "", { "dependencies": { "@poppinss/colors": "^4.1.5", "@sindresorhus/is": "^7.0.2", "supports-color": "^10.0.0" } }, ""],

    "@poppinss/exception": ["@poppinss/exception@1.2.3", "", {}, ""],

    "@remix-run/node-fetch-server": ["@remix-run/node-fetch-server@0.8.1", "", {}, ""],

    "@rolldown/binding-darwin-arm64": ["@rolldown/binding-darwin-arm64@1.0.0-beta.51", "", { "os": "darwin", "cpu": "arm64" }, ""],

    "@rolldown/binding-linux-x64-gnu": ["@rolldown/binding-linux-x64-gnu@1.0.0-beta.55", "", { "os": "linux", "cpu": "x64" }, "sha512-YZCTZZM+rujxwVc6A+QZaNMJXVtmabmFYLG2VGQTKaBfYGvBKUgtbMEttnp/oZ88BMi2DzadBVhOmfQV8SuHhw=="],

    "@rolldown/pluginutils": ["@rolldown/pluginutils@1.0.0-beta.51", "", {}, ""],

    "@rollup/pluginutils": ["@rollup/pluginutils@5.3.0", "", { "dependencies": { "@types/estree": "^1.0.0", "estree-walker": "^2.0.2", "picomatch": "^4.0.2" }, "peerDependencies": { "rollup": "^1.20.0||^2.0.0||^3.0.0||^4.0.0" } }, ""],

    "@rollup/rollup-darwin-arm64": ["@rollup/rollup-darwin-arm64@4.46.2", "", { "os": "darwin", "cpu": "arm64" }, ""],

    "@rollup/rollup-linux-x64-gnu": ["@rollup/rollup-linux-x64-gnu@4.54.0", "", { "os": "linux", "cpu": "x64" }, "sha512-WGt5J8Ij/rvyqpFexxk3ffKqqbLf9AqrTBbWDk7ApGUzaIs6V+s2s84kAxklFwmMF/vBNGrVdYgbblCOFFezMQ=="],

    "@sindresorhus/is": ["@sindresorhus/is@7.1.1", "", {}, ""],

    "@speed-highlight/core": ["@speed-highlight/core@1.2.12", "", {}, ""],

    "@types/babel__core": ["@types/babel__core@7.20.5", "", { "dependencies": { "@babel/parser": "^7.20.7", "@babel/types": "^7.20.7", "@types/babel__generator": "*", "@types/babel__template": "*", "@types/babel__traverse": "*" } }, ""],

    "@types/babel__generator": ["@types/babel__generator@7.6.8", "", { "dependencies": { "@babel/types": "^7.0.0" } }, ""],

    "@types/babel__template": ["@types/babel__template@7.4.4", "", { "dependencies": { "@babel/parser": "^7.1.0", "@babel/types": "^7.0.0" } }, ""],

    "@types/babel__traverse": ["@types/babel__traverse@7.20.6", "", { "dependencies": { "@babel/types": "^7.20.7" } }, ""],

    "@types/bun": ["@types/bun@1.3.5", "", { "dependencies": { "bun-types": "1.3.5" } }, ""],

    "@types/estree": ["@types/estree@1.0.8", "", {}, ""],

    "@types/node": ["@types/node@25.0.3", "", { "dependencies": { "undici-types": "~7.16.0" } }, "sha512-W609buLVRVmeW693xKfzHeIV6nJGGz98uCPfeXI1ELMLXVeKYZ9m15fAMSaUPBHYLGFsVRcMmSCksQOrZV9BYA=="],

    "@universal-middleware/cloudflare": ["@universal-middleware/cloudflare@0.4.10", "", { "dependencies": { "@universal-middleware/core": "^0.4.9" } }, ""],

    "@universal-middleware/compress": ["@universal-middleware/compress@0.2.34", "", {}, ""],

    "@universal-middleware/core": ["@universal-middleware/core@0.4.14", "", { "dependencies": { "regexparam": "^3.0.0", "tough-cookie": "^6.0.0" }, "peerDependencies": { "@cloudflare/workers-types": "^4.20251213.0", "@hattip/core": "^0.0.49", "@types/express": "^4 || ^5", "@webroute/route": "^0.8.0", "elysia": "^1.4.19", "fastify": "^5.6.2", "h3": "^1.15.4", "hono": "^4.11.1", "srvx": "^0.8 || ^0.9" }, "optionalPeers": ["@cloudflare/workers-types", "@hattip/core", "@types/express", "@webroute/route", "elysia", "fastify", "h3"] }, "sha512-yomLeaMdh0YYnIWA5wt71+znX1oTf+olO+XnsvEEids8FexxsAxyjkjGaIeRYr4Vc5CviKEriTe6ewkpLRtdgQ=="],

    "@universal-middleware/express": ["@universal-middleware/express@0.4.22", "", { "dependencies": { "@universal-middleware/core": "^0.4.13" } }, ""],

    "@universal-middleware/hono": ["@universal-middleware/hono@0.4.18", "", { "dependencies": { "@universal-middleware/core": "^0.4.14" } }, "sha512-RpnX8hKh2zx7hwVYzI32DjvH7KBYpt7MLIHWYw9QBSEzpD1ErqL+SpkvvlJaINjFs+sYJKH5IOoL53uHCL5alw=="],

    "@universal-middleware/sirv": ["@universal-middleware/sirv@0.1.24", "", { "dependencies": { "mrmime": "^2.0.1", "totalist": "^3.0.1" } }, "sha512-BshKQ6hsb3mbgIyFguyf6QEjqAFGW2KGLd3j/N1aK2b1bicD2elsWOD5UYSb0b84VHglGmISqOu30FbfMWhMgg=="],

    "@universal-middleware/srvx": ["@universal-middleware/srvx@0.1.1", "", { "dependencies": { "@universal-middleware/core": "^0.4.12" } }, ""],

    "@vercel/nft": ["@vercel/nft@0.30.4", "", { "dependencies": { "@mapbox/node-pre-gyp": "^2.0.0", "@rollup/pluginutils": "^5.1.3", "acorn": "^8.6.0", "acorn-import-attributes": "^1.9.5", "async-sema": "^3.1.1", "bindings": "^1.4.0", "estree-walker": "2.0.2", "glob": "^10.5.0", "graceful-fs": "^4.2.9", "node-gyp-build": "^4.2.2", "picomatch": "^4.0.2", "resolve-from": "^5.0.0" }, "bin": { "nft": "out/cli.js" } }, ""],

    "abbrev": ["abbrev@3.0.1", "", {}, ""],

    "acorn": ["acorn@8.15.0", "", { "bin": "bin/acorn" }, ""],

    "acorn-import-attributes": ["acorn-import-attributes@1.9.5", "", { "peerDependencies": { "acorn": "^8" } }, ""],

    "acorn-walk": ["acorn-walk@8.3.2", "", {}, ""],

    "agent-base": ["agent-base@7.1.4", "", {}, ""],

    "ansi-regex": ["ansi-regex@6.2.2", "", {}, ""],

    "ansi-styles": ["ansi-styles@6.2.3", "", {}, ""],

    "async-sema": ["async-sema@3.1.1", "", {}, ""],

    "babel-plugin-jsx-dom-expressions": ["babel-plugin-jsx-dom-expressions@0.39.3", "", { "dependencies": { "@babel/helper-module-imports": "7.18.6", "@babel/plugin-syntax-jsx": "^7.18.6", "@babel/types": "^7.20.7", "html-entities": "2.3.3", "parse5": "^7.1.2", "validate-html-nesting": "^1.2.1" }, "peerDependencies": { "@babel/core": "^7.20.12" } }, ""],

    "babel-preset-solid": ["babel-preset-solid@1.9.3", "", { "dependencies": { "babel-plugin-jsx-dom-expressions": "^0.39.3" }, "peerDependencies": { "@babel/core": "^7.0.0" } }, ""],

    "balanced-match": ["balanced-match@1.0.2", "", {}, ""],

    "bindings": ["bindings@1.5.0", "", { "dependencies": { "file-uri-to-path": "1.0.0" } }, ""],

    "blake3-wasm": ["blake3-wasm@2.1.5", "", {}, ""],

    "brace-expansion": ["brace-expansion@2.0.2", "", { "dependencies": { "balanced-match": "^1.0.0" } }, ""],

    "browserslist": ["browserslist@4.24.3", "", { "dependencies": { "caniuse-lite": "^1.0.30001688", "electron-to-chromium": "^1.5.73", "node-releases": "^2.0.19", "update-browserslist-db": "^1.1.1" }, "bin": "cli.js" }, ""],

    "buffer-from": ["buffer-from@1.1.2", "", {}, ""],

    "bun-types": ["bun-types@1.3.5", "", { "dependencies": { "@types/node": "*" } }, ""],

    "cac": ["cac@6.7.14", "", {}, ""],

    "caniuse-lite": ["caniuse-lite@1.0.30001690", "", {}, ""],

    "chownr": ["chownr@3.0.0", "", {}, ""],

    "color": ["color@4.2.3", "", { "dependencies": { "color-convert": "^2.0.1", "color-string": "^1.9.0" } }, ""],

    "color-convert": ["color-convert@2.0.1", "", { "dependencies": { "color-name": "~1.1.4" } }, ""],

    "color-name": ["color-name@1.1.4", "", {}, ""],

    "color-string": ["color-string@1.9.1", "", { "dependencies": { "color-name": "^1.0.0", "simple-swizzle": "^0.2.2" } }, ""],

    "confbox": ["confbox@0.2.2", "", {}, ""],

    "consola": ["consola@3.4.2", "", {}, ""],

    "convert-source-map": ["convert-source-map@2.0.0", "", {}, ""],

    "cookie": ["cookie@1.1.1", "", {}, ""],

    "cross-spawn": ["cross-spawn@7.0.6", "", { "dependencies": { "path-key": "^3.1.0", "shebang-command": "^2.0.0", "which": "^2.0.1" } }, ""],

    "csstype": ["csstype@3.1.3", "", {}, ""],

    "debug": ["debug@4.4.3", "", { "dependencies": { "ms": "^2.1.3" } }, "sha512-RGwwWnwQvkVfavKVt22FGLw+xYSdzARwm0ru6DhTVA3umU5hZc28V3kO4stgYryrTlLpuvgI9GiijltAjNbcqA=="],

    "defu": ["defu@6.1.4", "", {}, ""],

    "detect-libc": ["detect-libc@2.1.2", "", {}, ""],

    "eastasianwidth": ["eastasianwidth@0.2.0", "", {}, ""],

    "electron-to-chromium": ["electron-to-chromium@1.5.74", "", {}, ""],

    "emoji-regex": ["emoji-regex@9.2.2", "", {}, ""],

    "entities": ["entities@4.5.0", "", {}, ""],

    "error-stack-parser-es": ["error-stack-parser-es@1.0.5", "", {}, ""],

    "es-module-lexer": ["es-module-lexer@1.5.3", "", {}, ""],

    "esbuild": ["esbuild@0.27.0", "", { "optionalDependencies": { "@esbuild/darwin-arm64": "0.27.0" }, "bin": "bin/esbuild" }, ""],

    "escalade": ["escalade@3.2.0", "", {}, ""],

    "estree-walker": ["estree-walker@3.0.3", "", { "dependencies": { "@types/estree": "^1.0.0" } }, ""],

    "exit-hook": ["exit-hook@2.2.1", "", {}, ""],

    "exsolve": ["exsolve@1.0.7", "", {}, ""],

    "fdir": ["fdir@6.5.0", "", { "peerDependencies": { "picomatch": "^3 || ^4" } }, ""],

    "file-uri-to-path": ["file-uri-to-path@1.0.0", "", {}, ""],

    "foreground-child": ["foreground-child@3.3.1", "", { "dependencies": { "cross-spawn": "^7.0.6", "signal-exit": "^4.0.1" } }, ""],

    "fsevents": ["fsevents@2.3.3", "", { "os": "darwin" }, ""],

    "gensync": ["gensync@1.0.0-beta.2", "", {}, ""],

    "get-port": ["get-port@7.1.0", "", {}, ""],

    "glob": ["glob@10.5.0", "", { "dependencies": { "foreground-child": "^3.1.0", "jackspeak": "^3.1.2", "minimatch": "^9.0.4", "minipass": "^7.1.2", "package-json-from-dist": "^1.0.0", "path-scurry": "^1.11.1" }, "bin": "dist/esm/bin.mjs" }, ""],

    "glob-to-regexp": ["glob-to-regexp@0.4.1", "", {}, ""],

    "globrex": ["globrex@0.1.2", "", {}, ""],

    "graceful-fs": ["graceful-fs@4.2.11", "", {}, ""],

    "hono": ["hono@4.11.1", "", {}, ""],

    "html-entities": ["html-entities@2.3.3", "", {}, ""],

    "https-proxy-agent": ["https-proxy-agent@7.0.6", "", { "dependencies": { "agent-base": "^7.1.2", "debug": "4" } }, ""],

    "is-arrayish": ["is-arrayish@0.3.4", "", {}, ""],

    "is-fullwidth-code-point": ["is-fullwidth-code-point@3.0.0", "", {}, ""],

    "is-what": ["is-what@4.1.16", "", {}, ""],

    "isbot-fast": ["isbot-fast@1.2.0", "", {}, ""],

    "isexe": ["isexe@2.0.0", "", {}, ""],

    "jackspeak": ["jackspeak@3.4.3", "", { "dependencies": { "@isaacs/cliui": "^8.0.2" }, "optionalDependencies": { "@pkgjs/parseargs": "^0.11.0" } }, ""],

    "js-tokens": ["js-tokens@4.0.0", "", {}, ""],

    "jsesc": ["jsesc@3.1.0", "", { "bin": "bin/jsesc" }, ""],

    "json5": ["json5@2.2.3", "", { "bin": "lib/cli.js" }, ""],

    "kleur": ["kleur@4.1.5", "", {}, ""],

    "lru-cache": ["lru-cache@5.1.1", "", { "dependencies": { "yallist": "^3.0.2" } }, ""],

    "magic-string": ["magic-string@0.30.21", "", { "dependencies": { "@jridgewell/sourcemap-codec": "^1.5.5" } }, ""],

    "merge-anything": ["merge-anything@5.1.7", "", { "dependencies": { "is-what": "^4.1.8" } }, ""],

    "mime": ["mime@3.0.0", "", { "bin": "cli.js" }, ""],

    "miniflare": ["miniflare@4.20251217.0", "", { "dependencies": { "@cspotcode/source-map-support": "0.8.1", "acorn": "8.14.0", "acorn-walk": "8.3.2", "exit-hook": "2.2.1", "glob-to-regexp": "0.4.1", "sharp": "^0.33.5", "stoppable": "1.1.0", "undici": "7.14.0", "workerd": "1.20251217.0", "ws": "8.18.0", "youch": "4.1.0-beta.10", "zod": "3.22.3" }, "bin": "bootstrap.js" }, ""],

    "minimatch": ["minimatch@9.0.5", "", { "dependencies": { "brace-expansion": "^2.0.1" } }, ""],

    "minipass": ["minipass@7.1.2", "", {}, ""],

    "minizlib": ["minizlib@3.1.0", "", { "dependencies": { "minipass": "^7.1.2" } }, ""],

    "mrmime": ["mrmime@2.0.1", "", {}, ""],

    "ms": ["ms@2.1.3", "", {}, ""],

    "nanoid": ["nanoid@3.3.11", "", { "bin": "bin/nanoid.cjs" }, ""],

    "node-fetch": ["node-fetch@2.7.0", "", { "dependencies": { "whatwg-url": "^5.0.0" }, "peerDependencies": { "encoding": "^0.1.0" }, "optionalPeers": ["encoding"] }, ""],

    "node-gyp-build": ["node-gyp-build@4.8.4", "", { "bin": { "node-gyp-build": "bin.js", "node-gyp-build-optional": "optional.js", "node-gyp-build-test": "build-test.js" } }, ""],

    "node-releases": ["node-releases@2.0.19", "", {}, ""],

    "nopt": ["nopt@8.1.0", "", { "dependencies": { "abbrev": "^3.0.0" }, "bin": "bin/nopt.js" }, ""],

    "package-json-from-dist": ["package-json-from-dist@1.0.1", "", {}, ""],

    "parse5": ["parse5@7.2.1", "", { "dependencies": { "entities": "^4.5.0" } }, ""],

    "path-key": ["path-key@3.1.1", "", {}, ""],

    "path-scurry": ["path-scurry@1.11.1", "", { "dependencies": { "lru-cache": "^10.2.0", "minipass": "^5.0.0 || ^6.0.2 || ^7.0.0" } }, ""],

    "path-to-regexp": ["path-to-regexp@6.3.0", "", {}, ""],

    "pathe": ["pathe@2.0.3", "", {}, ""],

    "picocolors": ["picocolors@1.1.1", "", {}, ""],

    "picomatch": ["picomatch@4.0.3", "", {}, ""],

    "pkg-types": ["pkg-types@2.3.0", "", { "dependencies": { "confbox": "^0.2.2", "exsolve": "^1.0.7", "pathe": "^2.0.3" } }, ""],

    "postcss": ["postcss@8.5.6", "", { "dependencies": { "nanoid": "^3.3.11", "picocolors": "^1.1.1", "source-map-js": "^1.2.1" } }, ""],

    "regexparam": ["regexparam@3.0.0", "", {}, ""],

    "resolve-from": ["resolve-from@5.0.0", "", {}, ""],

    "rolldown": ["rolldown@1.0.0-beta.51", "", { "dependencies": { "@oxc-project/types": "=0.98.0", "@rolldown/pluginutils": "1.0.0-beta.51" }, "optionalDependencies": { "@rolldown/binding-darwin-arm64": "1.0.0-beta.51" }, "bin": "bin/cli.mjs" }, ""],

    "rollup": ["rollup@4.46.2", "", { "dependencies": { "@types/estree": "1.0.8" }, "optionalDependencies": { "@rollup/rollup-darwin-arm64": "4.46.2", "fsevents": "~2.3.2" }, "bin": "dist/bin/rollup" }, ""],

    "semver": ["semver@7.7.3", "", { "bin": "bin/semver.js" }, "sha512-SdsKMrI9TdgjdweUSR9MweHA4EJ8YxHn8DFaDisvhVlUOe4BF1tLD7GAj0lIqWVl+dPb/rExr0Btby5loQm20Q=="],

    "seroval": ["seroval@1.3.1", "", {}, ""],

    "seroval-plugins": ["seroval-plugins@1.3.1", "", { "peerDependencies": { "seroval": "^1.0" } }, ""],

    "sharp": ["sharp@0.33.5", "", { "dependencies": { "color": "^4.2.3", "detect-libc": "^2.0.3", "semver": "^7.6.3" }, "optionalDependencies": { "@img/sharp-darwin-arm64": "0.33.5", "@img/sharp-darwin-x64": "0.33.5", "@img/sharp-libvips-darwin-arm64": "1.0.4", "@img/sharp-libvips-darwin-x64": "1.0.4", "@img/sharp-libvips-linux-arm": "1.0.5", "@img/sharp-libvips-linux-arm64": "1.0.4", "@img/sharp-libvips-linux-s390x": "1.0.4", "@img/sharp-libvips-linux-x64": "1.0.4", "@img/sharp-libvips-linuxmusl-arm64": "1.0.4", "@img/sharp-libvips-linuxmusl-x64": "1.0.4", "@img/sharp-linux-arm": "0.33.5", "@img/sharp-linux-arm64": "0.33.5", "@img/sharp-linux-s390x": "0.33.5", "@img/sharp-linux-x64": "0.33.5", "@img/sharp-linuxmusl-arm64": "0.33.5", "@img/sharp-linuxmusl-x64": "0.33.5", "@img/sharp-wasm32": "0.33.5", "@img/sharp-win32-ia32": "0.33.5", "@img/sharp-win32-x64": "0.33.5" } }, ""],

    "shebang-command": ["shebang-command@2.0.0", "", { "dependencies": { "shebang-regex": "^3.0.0" } }, ""],

    "shebang-regex": ["shebang-regex@3.0.0", "", {}, ""],

    "signal-exit": ["signal-exit@4.1.0", "", {}, ""],

    "simple-swizzle": ["simple-swizzle@0.2.4", "", { "dependencies": { "is-arrayish": "^0.3.1" } }, ""],

    "sirv": ["sirv@3.0.1", "", { "dependencies": { "@polka/url": "^1.0.0-next.24", "mrmime": "^2.0.0", "totalist": "^3.0.0" } }, ""],

    "solid-js": ["solid-js@1.9.10", "", { "dependencies": { "csstype": "^3.1.0", "seroval": "~1.3.0", "seroval-plugins": "~1.3.0" } }, ""],

    "solid-refresh": ["solid-refresh@0.6.3", "", { "dependencies": { "@babel/generator": "^7.23.6", "@babel/helper-module-imports": "^7.22.15", "@babel/types": "^7.23.6" }, "peerDependencies": { "solid-js": "^1.3" } }, ""],

    "source-map": ["source-map@0.6.1", "", {}, ""],

    "source-map-js": ["source-map-js@1.2.1", "", {}, ""],

    "source-map-support": ["source-map-support@0.5.21", "", { "dependencies": { "buffer-from": "^1.0.0", "source-map": "^0.6.0" } }, ""],

    "srvx": ["srvx@0.9.8", "", { "bin": { "srvx": "bin/srvx.mjs" } }, "sha512-RZaxTKJEE/14HYn8COLuUOJAt0U55N9l1Xf6jj+T0GoA01EUH1Xz5JtSUOI+EHn+AEgPCVn7gk6jHJffrr06fQ=="],

    "standaloner": ["standaloner@0.1.11", "", { "dependencies": { "@vercel/nft": "^0.30.3", "acorn": "^8.15.0", "estree-walker": "^3.0.3", "magic-string": "^0.30.21", "rolldown": "1.0.0-beta.51" } }, ""],

    "stoppable": ["stoppable@1.1.0", "", {}, ""],

    "string-width": ["string-width@5.1.2", "", { "dependencies": { "eastasianwidth": "^0.2.0", "emoji-regex": "^9.2.2", "strip-ansi": "^7.0.1" } }, ""],

    "string-width-cjs": ["string-width@4.2.3", "", { "dependencies": { "emoji-regex": "^8.0.0", "is-fullwidth-code-point": "^3.0.0", "strip-ansi": "^6.0.1" } }, ""],

    "strip-ansi": ["strip-ansi@7.1.2", "", { "dependencies": { "ansi-regex": "^6.0.1" } }, ""],

    "strip-ansi-cjs": ["strip-ansi@6.0.1", "", { "dependencies": { "ansi-regex": "^5.0.1" } }, ""],

    "supports-color": ["supports-color@10.2.2", "", {}, ""],

    "tar": ["tar@7.5.2", "", { "dependencies": { "@isaacs/fs-minipass": "^4.0.0", "chownr": "^3.0.0", "minipass": "^7.1.2", "minizlib": "^3.1.0", "yallist": "^5.0.0" } }, ""],

    "tinyglobby": ["tinyglobby@0.2.15", "", { "dependencies": { "fdir": "^6.5.0", "picomatch": "^4.0.3" } }, ""],

    "tldts": ["tldts@7.0.17", "", { "dependencies": { "tldts-core": "^7.0.17" }, "bin": "bin/cli.js" }, ""],

    "tldts-core": ["tldts-core@7.0.17", "", {}, ""],

    "totalist": ["totalist@3.0.1", "", {}, ""],

    "tough-cookie": ["tough-cookie@6.0.0", "", { "dependencies": { "tldts": "^7.0.5" } }, ""],

    "tr46": ["tr46@0.0.3", "", {}, ""],

    "ts-deepmerge": ["ts-deepmerge@7.0.3", "", {}, ""],

    "tsconfck": ["tsconfck@3.1.6", "", { "peerDependencies": { "typescript": "^5.0.0" }, "bin": "bin/tsconfck.js" }, ""],

    "tslib": ["tslib@2.8.1", "", {}, "sha512-oJFu94HQb+KVduSUQL7wnpmqnfmLsOA/nAh6b6EH0wCEoK0/mPeXU6c3wKDV83MkOuHPRHtSXKKU99IBazS/2w=="],

    "typescript": ["typescript@5.9.3", "", { "bin": { "tsc": "bin/tsc", "tsserver": "bin/tsserver" } }, ""],

    "undici": ["undici@7.14.0", "", {}, ""],

    "undici-types": ["undici-types@7.16.0", "", {}, "sha512-Zz+aZWSj8LE6zoxD+xrjh4VfkIG8Ya6LvYkZqtUQGJPZjYl53ypCaUwWqo7eI0x66KBGeRo+mlBEkMSeSZ38Nw=="],

    "unenv": ["unenv@2.0.0-rc.24", "", { "dependencies": { "pathe": "^2.0.3" } }, ""],

    "update-browserslist-db": ["update-browserslist-db@1.1.1", "", { "dependencies": { "escalade": "^3.2.0", "picocolors": "^1.1.0" }, "peerDependencies": { "browserslist": ">= 4.21.0" }, "bin": "cli.js" }, ""],

    "validate-html-nesting": ["validate-html-nesting@1.2.2", "", {}, ""],

    "vike": ["vike@0.4.249", "", { "dependencies": { "@brillout/import": "^0.2.6", "@brillout/json-serializer": "^0.5.21", "@brillout/picocolors": "^1.0.29", "@brillout/require-shim": "^0.1.2", "@brillout/vite-plugin-server-entry": "^0.7.15", "acorn": "^8.0.0", "cac": "^6.0.0", "es-module-lexer": "^1.0.0", "esbuild": ">=0.19.0", "json5": "^2.0.0", "magic-string": "^0.30.17", "picomatch": "^4.0.2", "semver": "^7.0.0", "sirv": "^3.0.1", "source-map-support": "^0.5.0", "tinyglobby": "^0.2.10", "vite": ">=6.3.0" }, "peerDependencies": { "react-streaming": ">=0.3.42", "vite": ">=6.3.0" }, "optionalPeers": ["react-streaming"], "bin": "node/cli/bin.js" }, ""],

    "vike-metadata-solid": ["vike-metadata-solid@1.0.4", "", { "peerDependencies": { "solid-js": "^1.6.0" } }, ""],

    "vike-photon": ["vike-photon@0.1.24", "", { "dependencies": { "@brillout/picocolors": "^1.0.30", "@brillout/vite-plugin-server-entry": "^0.7.15", "@photonjs/core": "^0.1.20", "@photonjs/runtime": "^0.1.16", "@universal-middleware/compress": "^0.2.34", "@universal-middleware/core": "^0.4.14", "@universal-middleware/sirv": "^0.1.24", "pkg-types": "^2.3.0", "standaloner": "^0.1.11" }, "peerDependencies": { "@photonjs/cloudflare": ">=0.0.9", "@photonjs/vercel": "^0.1.1", "vike": ">=0.4.244", "vite": ">=7.1" }, "optionalPeers": ["@photonjs/cloudflare", "@photonjs/vercel", "vite"] }, "sha512-zaF/WvNq0JwNvCbQR6eDuf7pgpNwWu5+ZhLJx2Qr1/ndPZrya9PuO2Me7Q9CFvWvig3zvegZ47ny79zyir+sAw=="],

    "vike-solid": ["vike-solid@0.7.14", "", { "dependencies": { "isbot-fast": "^1.2.0", "vite-plugin-solid": "^2.11.10" }, "peerDependencies": { "solid-js": "^1.8.7", "vike": ">=0.4.195", "vite": ">=5.0.0" } }, ""],

    "vite": ["vite@7.3.0", "", { "dependencies": { "esbuild": "^0.27.0", "fdir": "^6.5.0", "picomatch": "^4.0.3", "postcss": "^8.5.6", "rollup": "^4.43.0", "tinyglobby": "^0.2.15" }, "optionalDependencies": { "fsevents": "~2.3.3" }, "peerDependencies": { "@types/node": "^20.19.0 || >=22.12.0", "jiti": ">=1.21.0", "less": "^4.0.0", "lightningcss": "^1.21.0", "sass": "^1.70.0", "sass-embedded": "^1.70.0", "stylus": ">=0.54.8", "sugarss": "^5.0.0", "terser": "^5.16.0", "tsx": "^4.8.1", "yaml": "^2.4.2" }, "optionalPeers": ["jiti", "less", "lightningcss", "sass", "sass-embedded", "stylus", "sugarss", "terser", "tsx", "yaml"], "bin": "bin/vite.js" }, ""],

    "vite-plugin-solid": ["vite-plugin-solid@2.11.10", "", { "dependencies": { "@babel/core": "^7.23.3", "@types/babel__core": "^7.20.4", "babel-preset-solid": "^1.8.4", "merge-anything": "^5.1.7", "solid-refresh": "^0.6.3", "vitefu": "^1.0.4" }, "peerDependencies": { "@testing-library/jest-dom": "^5.16.6 || ^5.17.0 || ^6.*", "solid-js": "^1.7.2", "vite": "^3.0.0 || ^4.0.0 || ^5.0.0 || ^6.0.0 || ^7.0.0" }, "optionalPeers": ["@testing-library/jest-dom"] }, ""],

    "vite-tsconfig-paths": ["vite-tsconfig-paths@6.0.3", "", { "dependencies": { "debug": "^4.1.1", "globrex": "^0.1.2", "tsconfck": "^3.0.3" }, "peerDependencies": { "vite": "*" } }, ""],

    "vitefu": ["vitefu@1.0.4", "", { "peerDependencies": { "vite": "^3.0.0 || ^4.0.0 || ^5.0.0 || ^6.0.0" } }, ""],

    "webidl-conversions": ["webidl-conversions@3.0.1", "", {}, ""],

    "whatwg-url": ["whatwg-url@5.0.0", "", { "dependencies": { "tr46": "~0.0.3", "webidl-conversions": "^3.0.0" } }, ""],

    "which": ["which@2.0.2", "", { "dependencies": { "isexe": "^2.0.0" }, "bin": { "node-which": "bin/node-which" } }, ""],

    "workerd": ["workerd@1.20251217.0", "", { "optionalDependencies": { "@cloudflare/workerd-darwin-arm64": "1.20251217.0" }, "bin": "bin/workerd" }, ""],

    "wrangler": ["wrangler@4.56.0", "", { "dependencies": { "@cloudflare/kv-asset-handler": "0.4.1", "@cloudflare/unenv-preset": "2.7.13", "blake3-wasm": "2.1.5", "esbuild": "0.27.0", "miniflare": "4.20251217.0", "path-to-regexp": "6.3.0", "unenv": "2.0.0-rc.24", "workerd": "1.20251217.0" }, "optionalDependencies": { "fsevents": "~2.3.2" }, "peerDependencies": { "@cloudflare/workers-types": "^4.20251217.0" }, "optionalPeers": ["@cloudflare/workers-types"], "bin": { "wrangler": "bin/wrangler.js", "wrangler2": "bin/wrangler.js" } }, ""],

    "wrap-ansi": ["wrap-ansi@8.1.0", "", { "dependencies": { "ansi-styles": "^6.1.0", "string-width": "^5.0.1", "strip-ansi": "^7.0.1" } }, ""],

    "wrap-ansi-cjs": ["wrap-ansi@7.0.0", "", { "dependencies": { "ansi-styles": "^4.0.0", "string-width": "^4.1.0", "strip-ansi": "^6.0.0" } }, ""],

    "ws": ["ws@8.18.0", "", { "peerDependencies": { "bufferutil": "^4.0.1", "utf-8-validate": ">=5.0.2" }, "optionalPeers": ["bufferutil", "utf-8-validate"] }, ""],

    "yallist": ["yallist@5.0.0", "", {}, ""],

    "youch": ["youch@4.1.0-beta.10", "", { "dependencies": { "@poppinss/colors": "^4.1.5", "@poppinss/dumper": "^0.6.4", "@speed-highlight/core": "^1.2.7", "cookie": "^1.0.2", "youch-core": "^0.3.3" } }, ""],

    "youch-core": ["youch-core@0.3.3", "", { "dependencies": { "@poppinss/exception": "^1.2.2", "error-stack-parser-es": "^1.0.5" } }, ""],

    "zod": ["zod@4.2.1", "", {}, ""],

    "@ampproject/remapping/@jridgewell/trace-mapping": ["@jridgewell/trace-mapping@0.3.31", "", { "dependencies": { "@jridgewell/resolve-uri": "^3.1.0", "@jridgewell/sourcemap-codec": "^1.4.14" } }, "sha512-zzNR+SdQSDJzc8joaeP8QQoCQr8NuYx2dIIytl1QeBEZHJ9uW6hebsrYgbz8hJwUQao3TWCMtmfV8Nu1twOLAw=="],

    "@babel/core/semver": ["semver@6.3.1", "", { "bin": "bin/semver.js" }, ""],

    "@babel/generator/@jridgewell/trace-mapping": ["@jridgewell/trace-mapping@0.3.31", "", { "dependencies": { "@jridgewell/resolve-uri": "^3.1.0", "@jridgewell/sourcemap-codec": "^1.4.14" } }, "sha512-zzNR+SdQSDJzc8joaeP8QQoCQr8NuYx2dIIytl1QeBEZHJ9uW6hebsrYgbz8hJwUQao3TWCMtmfV8Nu1twOLAw=="],

    "@babel/helper-compilation-targets/semver": ["semver@6.3.1", "", { "bin": "bin/semver.js" }, ""],

    "@jridgewell/gen-mapping/@jridgewell/trace-mapping": ["@jridgewell/trace-mapping@0.3.31", "", { "dependencies": { "@jridgewell/resolve-uri": "^3.1.0", "@jridgewell/sourcemap-codec": "^1.4.14" } }, "sha512-zzNR+SdQSDJzc8joaeP8QQoCQr8NuYx2dIIytl1QeBEZHJ9uW6hebsrYgbz8hJwUQao3TWCMtmfV8Nu1twOLAw=="],

    "@rollup/pluginutils/estree-walker": ["estree-walker@2.0.2", "", {}, ""],

    "@vercel/nft/estree-walker": ["estree-walker@2.0.2", "", {}, ""],

    "babel-plugin-jsx-dom-expressions/@babel/helper-module-imports": ["@babel/helper-module-imports@7.18.6", "", { "dependencies": { "@babel/types": "^7.18.6" } }, ""],

    "lru-cache/yallist": ["yallist@3.1.1", "", {}, ""],

    "miniflare/acorn": ["acorn@8.14.0", "", { "bin": "bin/acorn" }, ""],

    "miniflare/zod": ["zod@3.22.3", "", {}, ""],

    "path-scurry/lru-cache": ["lru-cache@10.4.3", "", {}, ""],

    "string-width-cjs/emoji-regex": ["emoji-regex@8.0.0", "", {}, ""],

    "string-width-cjs/strip-ansi": ["strip-ansi@6.0.1", "", { "dependencies": { "ansi-regex": "^5.0.1" } }, ""],

    "strip-ansi-cjs/ansi-regex": ["ansi-regex@5.0.1", "", {}, ""],

    "wrap-ansi-cjs/ansi-styles": ["ansi-styles@4.3.0", "", { "dependencies": { "color-convert": "^2.0.1" } }, ""],

    "wrap-ansi-cjs/string-width": ["string-width@4.2.3", "", { "dependencies": { "emoji-regex": "^8.0.0", "is-fullwidth-code-point": "^3.0.0", "strip-ansi": "^6.0.1" } }, ""],

    "wrap-ansi-cjs/strip-ansi": ["strip-ansi@6.0.1", "", { "dependencies": { "ansi-regex": "^5.0.1" } }, ""],

    "string-width-cjs/strip-ansi/ansi-regex": ["ansi-regex@5.0.1", "", {}, ""],

    "wrap-ansi-cjs/string-width/emoji-regex": ["emoji-regex@8.0.0", "", {}, ""],

    "wrap-ansi-cjs/strip-ansi/ansi-regex": ["ansi-regex@5.0.1", "", {}, ""],
  }
}
